
Microsoft Visual Studio Solution File, Format Version 12.00
# Visual Studio Version 17
VisualStudioVersion = 17.5.002.0
MinimumVisualStudioVersion = 10.0.40219.1
Project("{9A19103F-16F7-4668-BE54-9A1E7A4F7556}") = "gamer_store_api", "gamer_store_api.csproj", "{CA410AEC-653B-4DBF-BD29-488A15EC1E1A}"
EndProject
Project("{9A19103F-16F7-4668-BE54-9A1E7A4F7556}") = "EFCoreBasic", "EFCoreBasic\EFCoreBasic.csproj", "{60A72FC6-B94E-40D9-9359-128E8A9FD651}"
EndProject
Global
	GlobalSection(SolutionConfigurationPlatforms) = preSolution
		Debug|Any CPU = Debug|Any CPU
		Release|Any CPU = Release|Any CPU
	EndGlobalSection
	GlobalSection(ProjectConfigurationPlatforms) = postSolution
		{CA410AEC-653B-4DBF-BD29-488A15EC1E1A}.Debug|Any CPU.ActiveCfg = Debug|Any CPU
		{CA410AEC-653B-4DBF-BD29-488A15EC1E1A}.Debug|Any CPU.Build.0 = Debug|Any CPU
		{CA410AEC-653B-4DBF-BD29-488A15EC1E1A}.Release|Any CPU.ActiveCfg = Release|Any CPU
		{CA410AEC-653B-4DBF-BD29-488A15EC1E1A}.Release|Any CPU.Build.0 = Release|Any CPU
		{60A72FC6-B94E-40D9-9359-128E8A9FD651}.Debug|Any CPU.ActiveCfg = Debug|Any CPU
		{60A72FC6-B94E-40D9-9359-128E8A9FD651}.Debug|Any CPU.Build.0 = Debug|Any CPU
		{60A72FC6-B94E-40D9-9359-128E8A9FD651}.Release|Any CPU.ActiveCfg = Release|Any CPU
		{60A72FC6-B94E-40D9-9359-128E8A9FD651}.Release|Any CPU.Build.0 = Release|Any CPU
	EndGlobalSection
	GlobalSection(SolutionProperties) = preSolution
		HideSolutionNode = FALSE
	EndGlobalSection
	GlobalSection(ExtensibilityGlobals) = postSolution
		SolutionGuid = {E4D18D9B-E2E9-4787-AE18-C651EB047137}
	EndGlobalSection
EndGlobal
